{
  "nodes": {
    "ags": {
      "inputs": {
        "nixpkgs": [
          "nixpkgs"
        ],
        "systems": "systems"
      },
      "locked": {
        "lastModified": 1745369559,
        "narHash": "sha256-kGo1b/rtC49kIvTBWnv8oL6ZaMvo0+c29WFwVX6ew8U=",
        "owner": "coolguy1842",
        "repo": "agsv1",
        "rev": "8e8cde27fab2b0012c8352183ecefae3fd17df4a",
        "type": "github"
      },
      "original": {
        "owner": "coolguy1842",
        "ref": "v1",
        "repo": "agsv1",
        "type": "github"
      }
    },
    "home-manager": {
      "inputs": {
        "nixpkgs": [
          "nixpkgs"
        ]
      },
      "locked": {
        "lastModified": 1745555634,
        "narHash": "sha256-lhVyVn1utb2UVTbyKJ6mfKB7wLTjrj14OlebvO0WU2s=",
        "owner": "nix-community",
        "repo": "home-manager",
        "rev": "98f4fef7fd7b4a77245db12e33616023162bc6d9",
        "type": "github"
      },
      "original": {
        "owner": "nix-community",
        "repo": "home-manager",
        "type": "github"
      }
    },
    "home-manager_2": {
      "inputs": {
        "nixpkgs": [
          "zen-browser",
          "nixpkgs"
        ]
      },
      "locked": {
        "lastModified": 1743604125,
        "narHash": "sha256-ZD61DNbsBt1mQbinAaaEqKaJk2RFo9R/j+eYWeGMx7A=",
        "owner": "nix-community",
        "repo": "home-manager",
        "rev": "180fd43eea296e62ae68e079fcf56aba268b9a1a",
        "type": "github"
      },
      "original": {
        "owner": "nix-community",
        "repo": "home-manager",
        "type": "github"
      }
    },
    "nix-flatpak": {
      "locked": {
        "lastModified": 1744659587,
        "narHash": "sha256-xJnbmRVte13akgn+Prg06IaRHJ5OX3uVltwsCP/mxoc=",
        "owner": "gmodena",
        "repo": "nix-flatpak",
        "rev": "928d868a9141b48f152d3b2b00c433e688d4b106",
        "type": "github"
      },
      "original": {
        "owner": "gmodena",
        "repo": "nix-flatpak",
        "type": "github"
      }
    },
    "nixpkgs": {
      "locked": {
        "lastModified": 1745391562,
        "narHash": "sha256-sPwcCYuiEopaafePqlG826tBhctuJsLx/mhKKM5Fmjo=",
        "owner": "nixos",
        "repo": "nixpkgs",
        "rev": "8a2f738d9d1f1d986b5a4cd2fd2061a7127237d7",
        "type": "github"
      },
      "original": {
        "owner": "nixos",
        "ref": "nixos-unstable",
        "repo": "nixpkgs",
        "type": "github"
      }
    },
    "root": {
      "inputs": {
        "ags": "ags",
        "home-manager": "home-manager",
        "nix-flatpak": "nix-flatpak",
        "nixpkgs": "nixpkgs",
        "zen-browser": "zen-browser"
      }
    },
    "systems": {
      "locked": {
        "lastModified": 1689347949,
        "narHash": "sha256-12tWmuL2zgBgZkdoB6qXZsgJEH9LR3oUgpaQq2RbI80=",
        "owner": "nix-systems",
        "repo": "default-linux",
        "rev": "31732fcf5e8fea42e59c2488ad31a0e651500f68",
        "type": "github"
      },
      "original": {
        "owner": "nix-systems",
        "repo": "default-linux",
        "type": "github"
      }
    },
    "zen-browser": {
      "inputs": {
        "home-manager": "home-manager_2",
        "nixpkgs": [
          "nixpkgs"
        ]
      },
      "locked": {
        "lastModified": 1745550347,
        "narHash": "sha256-y3ojr4sqs4cbtHNrzTK1JVoTFfyGzS+m8U5nzgHcj2U=",
        "owner": "0xc000022070",
        "repo": "zen-browser-flake",
        "rev": "855ad6c6bb50dc52f496375e9f031fd0305ea7b8",
        "type": "github"
      },
      "original": {
        "owner": "0xc000022070",
        "repo": "zen-browser-flake",
        "type": "github"
      }
    }
  },
  "root": "root",
  "version": 7
}
